// !$*UTF8*$!
{
	archiveVersion = 1;
	classes = {
	};
	objectVersion = 55;
	objects = {

/* Begin PBXBuildFile section */
		F6A4C519275F24F8008D8386 /* AppDelegate.swift in Sources */ = {isa = PBXBuildFile; fileRef = F6A4C518275F24F8008D8386 /* AppDelegate.swift */; };
		F6A4C51B275F24F8008D8386 /* SceneDelegate.swift in Sources */ = {isa = PBXBuildFile; fileRef = F6A4C51A275F24F8008D8386 /* SceneDelegate.swift */; };
		F6A4C51D275F24F8008D8386 /* ViewController.swift in Sources */ = {isa = PBXBuildFile; fileRef = F6A4C51C275F24F8008D8386 /* ViewController.swift */; };
		F6A4C520275F24F8008D8386 /* Main.storyboard in Resources */ = {isa = PBXBuildFile; fileRef = F6A4C51E275F24F8008D8386 /* Main.storyboard */; };
		F6A4C522275F24F9008D8386 /* Assets.xcassets in Resources */ = {isa = PBXBuildFile; fileRef = F6A4C521275F24F9008D8386 /* Assets.xcassets */; };
		F6A4C525275F24F9008D8386 /* LaunchScreen.storyboard in Resources */ = {isa = PBXBuildFile; fileRef = F6A4C523275F24F9008D8386 /* LaunchScreen.storyboard */; };
		F6A4C530275F24F9008D8386 /* tcTests.swift in Sources */ = {isa = PBXBuildFile; fileRef = F6A4C52F275F24F9008D8386 /* tcTests.swift */; };
		F6A4C53A275F24F9008D8386 /* tcUITests.swift in Sources */ = {isa = PBXBuildFile; fileRef = F6A4C539275F24F9008D8386 /* tcUITests.swift */; };
		F6A4C53C275F24F9008D8386 /* tcUITestsLaunchTests.swift in Sources */ = {isa = PBXBuildFile; fileRef = F6A4C53B275F24F9008D8386 /* tcUITestsLaunchTests.swift */; };
/* End PBXBuildFile section */

/* Begin PBXContainerItemProxy section */
		F6A4C52C275F24F9008D8386 /* PBXContainerItemProxy */ = {
			isa = PBXContainerItemProxy;
			containerPortal = F6A4C50D275F24F8008D8386 /* Project object */;
			proxyType = 1;
			remoteGlobalIDString = F6A4C514275F24F8008D8386;
			remoteInfo = tc;
		};
		F6A4C536275F24F9008D8386 /* PBXContainerItemProxy */ = {
			isa = PBXContainerItemProxy;
			containerPortal = F6A4C50D275F24F8008D8386 /* Project object */;
			proxyType = 1;
			remoteGlobalIDString = F6A4C514275F24F8008D8386;
			remoteInfo = tc;
		};
/* End PBXContainerItemProxy section */

/* Begin PBXFileReference section */
		F6A4C515275F24F8008D8386 /* tc.app */ = {isa = PBXFileReference; explicitFileType = wrapper.application; includeInIndex = 0; path = tc.app; sourceTree = BUILT_PRODUCTS_DIR; };
		F6A4C518275F24F8008D8386 /* AppDelegate.swift */ = {isa = PBXFileReference; lastKnownFileType = sourcecode.swift; path = AppDelegate.swift; sourceTree = "<group>"; };
		F6A4C51A275F24F8008D8386 /* SceneDelegate.swift */ = {isa = PBXFileReference; lastKnownFileType = sourcecode.swift; path = SceneDelegate.swift; sourceTree = "<group>"; };
		F6A4C51C275F24F8008D8386 /* ViewController.swift */ = {isa = PBXFileReference; lastKnownFileType = sourcecode.swift; path = ViewController.swift; sourceTree = "<group>"; };
		F6A4C51F275F24F8008D8386 /* Base */ = {isa = PBXFileReference; lastKnownFileType = file.storyboard; name = Base; path = Base.lproj/Main.storyboard; sourceTree = "<group>"; };
		F6A4C521275F24F9008D8386 /* Assets.xcassets */ = {isa = PBXFileReference; lastKnownFileType = folder.assetcatalog; path = Assets.xcassets; sourceTree = "<group>"; };
		F6A4C524275F24F9008D8386 /* Base */ = {isa = PBXFileReference; lastKnownFileType = file.storyboard; name = Base; path = Base.lproj/LaunchScreen.storyboard; sourceTree = "<group>"; };
		F6A4C526275F24F9008D8386 /* Info.plist */ = {isa = PBXFileReference; lastKnownFileType = text.plist.xml; path = Info.plist; sourceTree = "<group>"; };
		F6A4C52B275F24F9008D8386 /* tcTests.xctest */ = {isa = PBXFileReference; explicitFileType = wrapper.cfbundle; includeInIndex = 0; path = tcTests.xctest; sourceTree = BUILT_PRODUCTS_DIR; };
		F6A4C52F275F24F9008D8386 /* tcTests.swift */ = {isa = PBXFileReference; lastKnownFileType = sourcecode.swift; path = tcTests.swift; sourceTree = "<group>"; };
		F6A4C535275F24F9008D8386 /* tcUITests.xctest */ = {isa = PBXFileReference; explicitFileType = wrapper.cfbundle; includeInIndex = 0; path = tcUITests.xctest; sourceTree = BUILT_PRODUCTS_DIR; };
		F6A4C539275F24F9008D8386 /* tcUITests.swift */ = {isa = PBXFileReference; lastKnownFileType = sourcecode.swift; path = tcUITests.swift; sourceTree = "<group>"; };
		F6A4C53B275F24F9008D8386 /* tcUITestsLaunchTests.swift */ = {isa = PBXFileReference; lastKnownFileType = sourcecode.swift; path = tcUITestsLaunchTests.swift; sourceTree = "<group>"; };
/* End PBXFileReference section */

/* Begin PBXFrameworksBuildPhase section */
		F6A4C512275F24F8008D8386 /* Frameworks */ = {
			isa = PBXFrameworksBuildPhase;
			buildActionMask = 2147483647;
			files = (
			);
			runOnlyForDeploymentPostprocessing = 0;
		};
		F6A4C528275F24F9008D8386 /* Frameworks */ = {
			isa = PBXFrameworksBuildPhase;
			buildActionMask = 2147483647;
			files = (
			);
			runOnlyForDeploymentPostprocessing = 0;
		};
		F6A4C532275F24F9008D8386 /* Frameworks */ = {
			isa = PBXFrameworksBuildPhase;
			buildActionMask = 2147483647;
			files = (
			);
			runOnlyForDeploymentPostprocessing = 0;
		};
/* End PBXFrameworksBuildPhase section */

/* Begin PBXGroup section */
		F6A4C50C275F24F8008D8386 = {
			isa = PBXGroup;
			children = (
				F6A4C517275F24F8008D8386 /* tc */,
				F6A4C52E275F24F9008D8386 /* tcTests */,
				F6A4C538275F24F9008D8386 /* tcUITests */,
				F6A4C516275F24F8008D8386 /* Products */,
			);
			sourceTree = "<group>";
		};
		F6A4C516275F24F8008D8386 /* Products */ = {
			isa = PBXGroup;
			children = (
				F6A4C515275F24F8008D8386 /* tc.app */,
				F6A4C52B275F24F9008D8386 /* tcTests.xctest */,
				F6A4C535275F24F9008D8386 /* tcUITests.xctest */,
			);
			name = Products;
			sourceTree = "<group>";
		};
		F6A4C517275F24F8008D8386 /* tc */ = {
			isa = PBXGroup;
			children = (
				F6A4C518275F24F8008D8386 /* AppDelegate.swift */,
				F6A4C51A275F24F8008D8386 /* SceneDelegate.swift */,
				F6A4C51C275F24F8008D8386 /* ViewController.swift */,
				F6A4C51E275F24F8008D8386 /* Main.storyboard */,
				F6A4C521275F24F9008D8386 /* Assets.xcassets */,
				F6A4C523275F24F9008D8386 /* LaunchScreen.storyboard */,
				F6A4C526275F24F9008D8386 /* Info.plist */,
			);
			path = tc;
			sourceTree = "<group>";
		};
		F6A4C52E275F24F9008D8386 /* tcTests */ = {
			isa = PBXGroup;
			children = (
				F6A4C52F275F24F9008D8386 /* tcTests.swift */,
			);
			path = tcTests;
			sourceTree = "<group>";
		};
		F6A4C538275F24F9008D8386 /* tcUITests */ = {
			isa = PBXGroup;
			children = (
				F6A4C539275F24F9008D8386 /* tcUITests.swift */,
				F6A4C53B275F24F9008D8386 /* tcUITestsLaunchTests.swift */,
			);
			path = tcUITests;
			sourceTree = "<group>";
		};
/* End PBXGroup section */

/* Begin PBXNativeTarget section */
		F6A4C514275F24F8008D8386 /* tc */ = {
			isa = PBXNativeTarget;
			buildConfigurationList = F6A4C53F275F24F9008D8386 /* Build configuration list for PBXNativeTarget "tc" */;
			buildPhases = (
				F6A4C511275F24F8008D8386 /* Sources */,
				F6A4C512275F24F8008D8386 /* Frameworks */,
				F6A4C513275F24F8008D8386 /* Resources */,
			);
			buildRules = (
			);
			dependencies = (
			);
			name = tc;
			productName = tc;
			productReference = F6A4C515275F24F8008D8386 /* tc.app */;
			productType = "com.apple.product-type.application";
		};
		F6A4C52A275F24F9008D8386 /* tcTests */ = {
			isa = PBXNativeTarget;
			buildConfigurationList = F6A4C542275F24F9008D8386 /* Build configuration list for PBXNativeTarget "tcTests" */;
			buildPhases = (
				F6A4C527275F24F9008D8386 /* Sources */,
				F6A4C528275F24F9008D8386 /* Frameworks */,
				F6A4C529275F24F9008D8386 /* Resources */,
			);
			buildRules = (
			);
			dependencies = (
				F6A4C52D275F24F9008D8386 /* PBXTargetDependency */,
			);
			name = tcTests;
			productName = tcTests;
			productReference = F6A4C52B275F24F9008D8386 /* tcTests.xctest */;
			productType = "com.apple.product-type.bundle.unit-test";
		};
		F6A4C534275F24F9008D8386 /* tcUITests */ = {
			isa = PBXNativeTarget;
			buildConfigurationList = F6A4C545275F24F9008D8386 /* Build configuration list for PBXNativeTarget "tcUITests" */;
			buildPhases = (
				F6A4C531275F24F9008D8386 /* Sources */,
				F6A4C532275F24F9008D8386 /* Frameworks */,
				F6A4C533275F24F9008D8386 /* Resources */,
			);
			buildRules = (
			);
			dependencies = (
				F6A4C537275F24F9008D8386 /* PBXTargetDependency */,
			);
			name = tcUITests;
			productName = tcUITests;
			productReference = F6A4C535275F24F9008D8386 /* tcUITests.xctest */;
			productType = "com.apple.product-type.bundle.ui-testing";
		};
/* End PBXNativeTarget section */

/* Begin PBXProject section */
		F6A4C50D275F24F8008D8386 /* Project object */ = {
			isa = PBXProject;
			attributes = {
				BuildIndependentTargetsInParallel = 1;
				LastSwiftUpdateCheck = 1310;
				LastUpgradeCheck = 1310;
				TargetAttributes = {
					F6A4C514275F24F8008D8386 = {
						CreatedOnToolsVersion = 13.1;
					};
					F6A4C52A275F24F9008D8386 = {
						CreatedOnToolsVersion = 13.1;
						TestTargetID = F6A4C514275F24F8008D8386;
					};
					F6A4C534275F24F9008D8386 = {
						CreatedOnToolsVersion = 13.1;
						TestTargetID = F6A4C514275F24F8008D8386;
					};
				};
			};
			buildConfigurationList = F6A4C510275F24F8008D8386 /* Build configuration list for PBXProject "tc" */;
			compatibilityVersion = "Xcode 13.0";
			developmentRegion = en;
			hasScannedForEncodings = 0;
			knownRegions = (
				en,
				Base,
			);
			mainGroup = F6A4C50C275F24F8008D8386;
			productRefGroup = F6A4C516275F24F8008D8386 /* Products */;
			projectDirPath = "";
			projectRoot = "";
			targets = (
				F6A4C514275F24F8008D8386 /* tc */,
				F6A4C52A275F24F9008D8386 /* tcTests */,
				F6A4C534275F24F9008D8386 /* tcUITests */,
			);
		};
/* End PBXProject section */

/* Begin PBXResourcesBuildPhase section */
		F6A4C513275F24F8008D8386 /* Resources */ = {
			isa = PBXResourcesBuildPhase;
			buildActionMask = 2147483647;
			files = (
				F6A4C525275F24F9008D8386 /* LaunchScreen.storyboard in Resources */,
				F6A4C522275F24F9008D8386 /* Assets.xcassets in Resources */,
				F6A4C520275F24F8008D8386 /* Main.storyboard in Resources */,
			);
			runOnlyForDeploymentPostprocessing = 0;
		};
		F6A4C529275F24F9008D8386 /* Resources */ = {
			isa = PBXResourcesBuildPhase;
			buildActionMask = 2147483647;
			files = (
			);
			runOnlyForDeploymentPostprocessing = 0;
		};
		F6A4C533275F24F9008D8386 /* Resources */ = {
			isa = PBXResourcesBuildPhase;
			buildActionMask = 2147483647;
			files = (
			);
			runOnlyForDeploymentPostprocessing = 0;
		};
/* End PBXResourcesBuildPhase section */

/* Begin PBXSourcesBuildPhase section */
		F6A4C511275F24F8008D8386 /* Sources */ = {
			isa = PBXSourcesBuildPhase;
			buildActionMask = 2147483647;
			files = (
				F6A4C51D275F24F8008D8386 /* ViewController.swift in Sources */,
				F6A4C519275F24F8008D8386 /* AppDelegate.swift in Sources */,
				F6A4C51B275F24F8008D8386 /* SceneDelegate.swift in Sources */,
			);
			runOnlyForDeploymentPostprocessing = 0;
		};
		F6A4C527275F24F9008D8386 /* Sources */ = {
			isa = PBXSourcesBuildPhase;
			buildActionMask = 2147483647;
			files = (
				F6A4C530275F24F9008D8386 /* tcTests.swift in Sources */,
			);
			runOnlyForDeploymentPostprocessing = 0;
		};
		F6A4C531275F24F9008D8386 /* Sources */ = {
			isa = PBXSourcesBuildPhase;
			buildActionMask = 2147483647;
			files = (
				F6A4C53A275F24F9008D8386 /* tcUITests.swift in Sources */,
				F6A4C53C275F24F9008D8386 /* tcUITestsLaunchTests.swift in Sources */,
			);
			runOnlyForDeploymentPostprocessing = 0;
		};
/* End PBXSourcesBuildPhase section */

/* Begin PBXTargetDependency section */
		F6A4C52D275F24F9008D8386 /* PBXTargetDependency */ = {
			isa = PBXTargetDependency;
			target = F6A4C514275F24F8008D8386 /* tc */;
			targetProxy = F6A4C52C275F24F9008D8386 /* PBXContainerItemProxy */;
		};
		F6A4C537275F24F9008D8386 /* PBXTargetDependency */ = {
			isa = PBXTargetDependency;
			target = F6A4C514275F24F8008D8386 /* tc */;
			targetProxy = F6A4C536275F24F9008D8386 /* PBXContainerItemProxy */;
		};
/* End PBXTargetDependency section */

/* Begin PBXVariantGroup section */
		F6A4C51E275F24F8008D8386 /* Main.storyboard */ = {
			isa = PBXVariantGroup;
			children = (
				F6A4C51F275F24F8008D8386 /* Base */,
			);
			name = Main.storyboard;
			sourceTree = "<group>";
		};
		F6A4C523275F24F9008D8386 /* LaunchScreen.storyboard */ = {
			isa = PBXVariantGroup;
			children = (
				F6A4C524275F24F9008D8386 /* Base */,
			);
			name = LaunchScreen.storyboard;
			sourceTree = "<group>";
		};
/* End PBXVariantGroup section */

/* Begin XCBuildConfiguration section */
		F6A4C53D275F24F9008D8386 /* Debug */ = {
			isa = XCBuildConfiguration;
			buildSettings = {
				ALWAYS_SEARCH_USER_PATHS = NO;
				CLANG_ANALYZER_NONNULL = YES;
				CLANG_ANALYZER_NUMBER_OBJECT_CONVERSION = YES_AGGRESSIVE;
				CLANG_CXX_LANGUAGE_STANDARD = "gnu++17";
				CLANG_CXX_LIBRARY = "libc++";
				CLANG_ENABLE_MODULES = YES;
				CLANG_ENABLE_OBJC_ARC = YES;
				CLANG_ENABLE_OBJC_WEAK = YES;
				CLANG_WARN_BLOCK_CAPTURE_AUTORELEASING = YES;
				CLANG_WARN_BOOL_CONVERSION = YES;
				CLANG_WARN_COMMA = YES;
				CLANG_WARN_CONSTANT_CONVERSION = YES;
				CLANG_WARN_DEPRECATED_OBJC_IMPLEMENTATIONS = YES;
				CLANG_WARN_DIRECT_OBJC_ISA_USAGE = YES_ERROR;
				CLANG_WARN_DOCUMENTATION_COMMENTS = YES;
				CLANG_WARN_EMPTY_BODY = YES;
				CLANG_WARN_ENUM_CONVERSION = YES;
				CLANG_WARN_INFINITE_RECURSION = YES;
				CLANG_WARN_INT_CONVERSION = YES;
				CLANG_WARN_NON_LITERAL_NULL_CONVERSION = YES;
				CLANG_WARN_OBJC_IMPLICIT_RETAIN_SELF = YES;
				CLANG_WARN_OBJC_LITERAL_CONVERSION = YES;
				CLANG_WARN_OBJC_ROOT_CLASS = YES_ERROR;
				CLANG_WARN_QUOTED_INCLUDE_IN_FRAMEWORK_HEADER = YES;
				CLANG_WARN_RANGE_LOOP_ANALYSIS = YES;
				CLANG_WARN_STRICT_PROTOTYPES = YES;
				CLANG_WARN_SUSPICIOUS_MOVE = YES;
				CLANG_WARN_UNGUARDED_AVAILABILITY = YES_AGGRESSIVE;
				CLANG_WARN_UNREACHABLE_CODE = YES;
				CLANG_WARN__DUPLICATE_METHOD_MATCH = YES;
				COPY_PHASE_STRIP = NO;
				DEBUG_INFORMATION_FORMAT = dwarf;
				ENABLE_STRICT_OBJC_MSGSEND = YES;
				ENABLE_TESTABILITY = YES;
				GCC_C_LANGUAGE_STANDARD = gnu11;
				GCC_DYNAMIC_NO_PIC = NO;
				GCC_NO_COMMON_BLOCKS = YES;
				GCC_OPTIMIZATION_LEVEL = 0;
				GCC_PREPROCESSOR_DEFINITIONS = (
					"DEBUG=1",
					"$(inherited)",
				);
				GCC_WARN_64_TO_32_BIT_CONVERSION = YES;
				GCC_WARN_ABOUT_RETURN_TYPE = YES_ERROR;
				GCC_WARN_UNDECLARED_SELECTOR = YES;
				GCC_WARN_UNINITIALIZED_AUTOS = YES_AGGRESSIVE;
				GCC_WARN_UNUSED_FUNCTION = YES;
				GCC_WARN_UNUSED_VARIABLE = YES;
				IPHONEOS_DEPLOYMENT_TARGET = 15.0;
				MTL_ENABLE_DEBUG_INFO = INCLUDE_SOURCE;
				MTL_FAST_MATH = YES;
				ONLY_ACTIVE_ARCH = YES;
				SDKROOT = iphoneos;
				SWIFT_ACTIVE_COMPILATION_CONDITIONS = DEBUG;
				SWIFT_OPTIMIZATION_LEVEL = "-Onone";
			};
			name = Debug;
		};
		F6A4C53E275F24F9008D8386 /* Release */ = {
			isa = XCBuildConfiguration;
			buildSettings = {
				ALWAYS_SEARCH_USER_PATHS = NO;
				CLANG_ANALYZER_NONNULL = YES;
				CLANG_ANALYZER_NUMBER_OBJECT_CONVERSION = YES_AGGRESSIVE;
				CLANG_CXX_LANGUAGE_STANDARD = "gnu++17";
				CLANG_CXX_LIBRARY = "libc++";
				CLANG_ENABLE_MODULES = YES;
				CLANG_ENABLE_OBJC_ARC = YES;
				CLANG_ENABLE_OBJC_WEAK = YES;
				CLANG_WARN_BLOCK_CAPTURE_AUTORELEASING = YES;
				CLANG_WARN_BOOL_CONVERSION = YES;
				CLANG_WARN_COMMA = YES;
				CLANG_WARN_CONSTANT_CONVERSION = YES;
				CLANG_WARN_DEPRECATED_OBJC_IMPLEMENTATIONS = YES;
				CLANG_WARN_DIRECT_OBJC_ISA_USAGE = YES_ERROR;
				CLANG_WARN_DOCUMENTATION_COMMENTS = YES;
				CLANG_WARN_EMPTY_BODY = YES;
				CLANG_WARN_ENUM_CONVERSION = YES;
				CLANG_WARN_INFINITE_RECURSION = YES;
				CLANG_WARN_INT_CONVERSION = YES;
				CLANG_WARN_NON_LITERAL_NULL_CONVERSION = YES;
				CLANG_WARN_OBJC_IMPLICIT_RETAIN_SELF = YES;
				CLANG_WARN_OBJC_LITERAL_CONVERSION = YES;
				CLANG_WARN_OBJC_ROOT_CLASS = YES_ERROR;
				CLANG_WARN_QUOTED_INCLUDE_IN_FRAMEWORK_HEADER = YES;
				CLANG_WARN_RANGE_LOOP_ANALYSIS = YES;
				CLANG_WARN_STRICT_PROTOTYPES = YES;
				CLANG_WARN_SUSPICIOUS_MOVE = YES;
				CLANG_WARN_UNGUARDED_AVAILABILITY = YES_AGGRESSIVE;
				CLANG_WARN_UNREACHABLE_CODE = YES;
				CLANG_WARN__DUPLICATE_METHOD_MATCH = YES;
				COPY_PHASE_STRIP = NO;
				DEBUG_INFORMATION_FORMAT = "dwarf-with-dsym";
				ENABLE_NS_ASSERTIONS = NO;
				ENABLE_STRICT_OBJC_MSGSEND = YES;
				GCC_C_LANGUAGE_STANDARD = gnu11;
				GCC_NO_COMMON_BLOCKS = YES;
				GCC_WARN_64_TO_32_BIT_CONVERSION = YES;
				GCC_WARN_ABOUT_RETURN_TYPE = YES_ERROR;
				GCC_WARN_UNDECLARED_SELECTOR = YES;
				GCC_WARN_UNINITIALIZED_AUTOS = YES_AGGRESSIVE;
				GCC_WARN_UNUSED_FUNCTION = YES;
				GCC_WARN_UNUSED_VARIABLE = YES;
				IPHONEOS_DEPLOYMENT_TARGET = 15.0;
				MTL_ENABLE_DEBUG_INFO = NO;
				MTL_FAST_MATH = YES;
				SDKROOT = iphoneos;
				SWIFT_COMPILATION_MODE = wholemodule;
				SWIFT_OPTIMIZATION_LEVEL = "-O";
				VALIDATE_PRODUCT = YES;
			};
			name = Release;
		};
		F6A4C540275F24F9008D8386 /* Debug */ = {
			isa = XCBuildConfiguration;
			buildSettings = {
				ASSETCATALOG_COMPILER_APPICON_NAME = AppIcon;
				ASSETCATALOG_COMPILER_GLOBAL_ACCENT_COLOR_NAME = AccentColor;
				CODE_SIGN_STYLE = Automatic;
				CURRENT_PROJECT_VERSION = 1;
				DEVELOPMENT_TEAM = MBNA9ZMZ5V;
				GENERATE_INFOPLIST_FILE = YES;
				INFOPLIST_FILE = tc/Info.plist;
				INFOPLIST_KEY_UIApplicationSupportsIndirectInputEvents = YES;
				INFOPLIST_KEY_UILaunchStoryboardName = LaunchScreen;
				INFOPLIST_KEY_UIMainStoryboardFile = Main;
				INFOPLIST_KEY_UISupportedInterfaceOrientations_iPad = "UIInterfaceOrientationPortrait UIInterfaceOrientationPortraitUpsideDown UIInterfaceOrientationLandscapeLeft UIInterfaceOrientationLandscapeRight";
				INFOPLIST_KEY_UISupportedInterfaceOrientations_iPhone = "UIInterfaceOrientationPortrait UIInterfaceOrientationLandscapeLeft UIInterfaceOrientationLandscapeRight";
				LD_RUNPATH_SEARCH_PATHS = (
					"$(inherited)",
					"@executable_path/Frameworks",
				);
				MARKETING_VERSION = 1.0;
				PRODUCT_BUNDLE_IDENTIFIER = com.example.tc;
				PRODUCT_NAME = "$(TARGET_NAME)";
				SWIFT_EMIT_LOC_STRINGS = YES;
				SWIFT_VERSION = 5.0;
				TARGETED_DEVICE_FAMILY = "1,2";
			};
			name = Debug;
		};
		F6A4C541275F24F9008D8386 /* Release */ = {
			isa = XCBuildConfiguration;
			buildSettings = {
				ASSETCATALOG_COMPILER_APPICON_NAME = AppIcon;
				ASSETCATALOG_COMPILER_GLOBAL_ACCENT_COLOR_NAME = AccentColor;
				CODE_SIGN_STYLE = Automatic;
				CURRENT_PROJECT_VERSION = 1;
				DEVELOPMENT_TEAM = MBNA9ZMZ5V;
				GENERATE_INFOPLIST_FILE = YES;
				INFOPLIST_FILE = tc/Info.plist;
				INFOPLIST_KEY_UIApplicationSupportsIndirectInputEvents = YES;
				INFOPLIST_KEY_UILaunchStoryboardName = LaunchScreen;
				INFOPLIST_KEY_UIMainStoryboardFile = Main;
				INFOPLIST_KEY_UISupportedInterfaceOrientations_iPad = "UIInterfaceOrientationPortrait UIInterfaceOrientationPortraitUpsideDown UIInterfaceOrientationLandscapeLeft UIInterfaceOrientationLandscapeRight";
				INFOPLIST_KEY_UISupportedInterfaceOrientations_iPhone = "UIInterfaceOrientationPortrait UIInterfaceOrientationLandscapeLeft UIInterfaceOrientationLandscapeRight";
				LD_RUNPATH_SEARCH_PATHS = (
					"$(inherited)",
					"@executable_path/Frameworks",
				);
				MARKETING_VERSION = 1.0;
				PRODUCT_BUNDLE_IDENTIFIER = com.example.tc;
				PRODUCT_NAME = "$(TARGET_NAME)";
				SWIFT_EMIT_LOC_STRINGS = YES;
				SWIFT_VERSION = 5.0;
				TARGETED_DEVICE_FAMILY = "1,2";
			};
			name = Release;
		};
		F6A4C543275F24F9008D8386 /* Debug */ = {
			isa = XCBuildConfiguration;
			buildSettings = {
				ALWAYS_EMBED_SWIFT_STANDARD_LIBRARIES = YES;
				BUNDLE_LOADER = "$(TEST_HOST)";
				CODE_SIGN_STYLE = Automatic;
				CURRENT_PROJECT_VERSION = 1;
				DEVELOPMENT_TEAM = MBNA9ZMZ5V;
				GENERATE_INFOPLIST_FILE = YES;
				IPHONEOS_DEPLOYMENT_TARGET = 15.0;
				LD_RUNPATH_SEARCH_PATHS = (
					"$(inherited)",
					"@executable_path/Frameworks",
					"@loader_path/Frameworks",
				);
				MARKETING_VERSION = 1.0;
				PRODUCT_BUNDLE_IDENTIFIER = com.example.tcTests;
				PRODUCT_NAME = "$(TARGET_NAME)";
				SWIFT_EMIT_LOC_STRINGS = NO;
				SWIFT_VERSION = 5.0;
				TARGETED_DEVICE_FAMILY = "1,2";
				TEST_HOST = "$(BUILT_PRODUCTS_DIR)/tc.app/tc";
			};
			name = Debug;
		};
		F6A4C544275F24F9008D8386 /* Release */ = {
			isa = XCBuildConfiguration;
			buildSettings = {
				ALWAYS_EMBED_SWIFT_STANDARD_LIBRARIES = YES;
				BUNDLE_LOADER = "$(TEST_HOST)";
				CODE_SIGN_STYLE = Automatic;
				CURRENT_PROJECT_VERSION = 1;
				DEVELOPMENT_TEAM = MBNA9ZMZ5V;
				GENERATE_INFOPLIST_FILE = YES;
				IPHONEOS_DEPLOYMENT_TARGET = 15.0;
				LD_RUNPATH_SEARCH_PATHS = (
					"$(inherited)",
					"@executable_path/Frameworks",
					"@loader_path/Frameworks",
				);
				MARKETING_VERSION = 1.0;
				PRODUCT_BUNDLE_IDENTIFIER = com.example.tcTests;
				PRODUCT_NAME = "$(TARGET_NAME)";
				SWIFT_EMIT_LOC_STRINGS = NO;
				SWIFT_VERSION = 5.0;
				TARGETED_DEVICE_FAMILY = "1,2";
				TEST_HOST = "$(BUILT_PRODUCTS_DIR)/tc.app/tc";
			};
			name = Release;
		};
		F6A4C546275F24F9008D8386 /* Debug */ = {
			isa = XCBuildConfiguration;
			buildSettings = {
				ALWAYS_EMBED_SWIFT_STANDARD_LIBRARIES = YES;
				CODE_SIGN_STYLE = Automatic;
				CURRENT_PROJECT_VERSION = 1;
				DEVELOPMENT_TEAM = MBNA9ZMZ5V;
				GENERATE_INFOPLIST_FILE = YES;
				LD_RUNPATH_SEARCH_PATHS = (
					"$(inherited)",
					"@executable_path/Frameworks",
					"@loader_path/Frameworks",
				);
				MARKETING_VERSION = 1.0;
				PRODUCT_BUNDLE_IDENTIFIER = com.example.tcUITests;
				PRODUCT_NAME = "$(TARGET_NAME)";
				SWIFT_EMIT_LOC_STRINGS = NO;
				SWIFT_VERSION = 5.0;
				TARGETED_DEVICE_FAMILY = "1,2";
				TEST_TARGET_NAME = tc;
			};
			name = Debug;
		};
		F6A4C547275F24F9008D8386 /* Release */ = {
			isa = XCBuildConfiguration;
			buildSettings = {
				ALWAYS_EMBED_SWIFT_STANDARD_LIBRARIES = YES;
				CODE_SIGN_STYLE = Automatic;
				CURRENT_PROJECT_VERSION = 1;
				DEVELOPMENT_TEAM = MBNA9ZMZ5V;
				GENERATE_INFOPLIST_FILE = YES;
				LD_RUNPATH_SEARCH_PATHS = (
					"$(inherited)",
					"@executable_path/Frameworks",
					"@loader_path/Frameworks",
				);
				MARKETING_VERSION = 1.0;
				PRODUCT_BUNDLE_IDENTIFIER = com.example.tcUITests;
				PRODUCT_NAME = "$(TARGET_NAME)";
				SWIFT_EMIT_LOC_STRINGS = NO;
				SWIFT_VERSION = 5.0;
				TARGETED_DEVICE_FAMILY = "1,2";
				TEST_TARGET_NAME = tc;
			};
			name = Release;
		};
/* End XCBuildConfiguration section */

/* Begin XCConfigurationList section */
		F6A4C510275F24F8008D8386 /* Build configuration list for PBXProject "tc" */ = {
			isa = XCConfigurationList;
			buildConfigurations = (
				F6A4C53D275F24F9008D8386 /* Debug */,
				F6A4C53E275F24F9008D8386 /* Release */,
			);
			defaultConfigurationIsVisible = 0;
			defaultConfigurationName = Release;
		};
		F6A4C53F275F24F9008D8386 /* Build configuration list for PBXNativeTarget "tc" */ = {
			isa = XCConfigurationList;
			buildConfigurations = (
				F6A4C540275F24F9008D8386 /* Debug */,
				F6A4C541275F24F9008D8386 /* Release */,
			);
			defaultConfigurationIsVisible = 0;
			defaultConfigurationName = Release;
		};
		F6A4C542275F24F9008D8386 /* Build configuration list for PBXNativeTarget "tcTests" */ = {
			isa = XCConfigurationList;
			buildConfigurations = (
				F6A4C543275F24F9008D8386 /* Debug */,
				F6A4C544275F24F9008D8386 /* Release */,
			);
			defaultConfigurationIsVisible = 0;
			defaultConfigurationName = Release;
		};
		F6A4C545275F24F9008D8386 /* Build configuration list for PBXNativeTarget "tcUITests" */ = {
			isa = XCConfigurationList;
			buildConfigurations = (
				F6A4C546275F24F9008D8386 /* Debug */,
				F6A4C547275F24F9008D8386 /* Release */,
			);
			defaultConfigurationIsVisible = 0;
			defaultConfigurationName = Release;
		};
/* End XCConfigurationList section */
	};
	rootObject = F6A4C50D275F24F8008D8386 /* Project object */;
}
